
Microsoft Visual Studio Solution File, Format Version 12.00
# Visual Studio Version 17
VisualStudioVersion = 17.6.33829.357
MinimumVisualStudioVersion = 10.0.40219.1
Project("{FAE04EC0-301F-11D3-BF4B-00C04F79EFBC}") = "GameInConsole", "GameInConsole.csproj", "{48B987FF-65F0-4276-94AE-11B65C1F69B4}"
EndProject
Project("{FAE04EC0-301F-11D3-BF4B-00C04F79EFBC}") = "GameInConsoleEngine", "..\GameInConsoleEngine\GameInConsoleEngine.csproj", "{0E9289C1-4E09-4452-8E5D-4A386CDDB5F7}"
EndProject
Global
	GlobalSection(SolutionConfigurationPlatforms) = preSolution
		Debug|Any CPU = Debug|Any CPU
		Release|Any CPU = Release|Any CPU
	EndGlobalSection
	GlobalSection(ProjectConfigurationPlatforms) = postSolution
		{48B987FF-65F0-4276-94AE-11B65C1F69B4}.Debug|Any CPU.ActiveCfg = Debug|Any CPU
		{48B987FF-65F0-4276-94AE-11B65C1F69B4}.Debug|Any CPU.Build.0 = Debug|Any CPU
		{48B987FF-65F0-4276-94AE-11B65C1F69B4}.Release|Any CPU.ActiveCfg = Release|Any CPU
		{48B987FF-65F0-4276-94AE-11B65C1F69B4}.Release|Any CPU.Build.0 = Release|Any CPU
		{0E9289C1-4E09-4452-8E5D-4A386CDDB5F7}.Debug|Any CPU.ActiveCfg = Debug|Any CPU
		{0E9289C1-4E09-4452-8E5D-4A386CDDB5F7}.Debug|Any CPU.Build.0 = Debug|Any CPU
		{0E9289C1-4E09-4452-8E5D-4A386CDDB5F7}.Release|Any CPU.ActiveCfg = Release|Any CPU
		{0E9289C1-4E09-4452-8E5D-4A386CDDB5F7}.Release|Any CPU.Build.0 = Release|Any CPU
	EndGlobalSection
	GlobalSection(SolutionProperties) = preSolution
		HideSolutionNode = FALSE
	EndGlobalSection
	GlobalSection(ExtensibilityGlobals) = postSolution
		SolutionGuid = {B7E9BA63-99EB-4E3D-9624-C3DFFED64A9D}
	EndGlobalSection
EndGlobal
